
Microsoft Visual Studio Solution File, Format Version 12.00
# Visual Studio Version 17
VisualStudioVersion = 17.11.35327.3
MinimumVisualStudioVersion = 10.0.40219.1
Project("{9A19103F-16F7-4668-BE54-9A1E7A4F7556}") = "WebAPI", "WebAPI\WebAPI.csproj", "{E26CE979-4FDA-44D0-B040-C6760D8A049A}"
EndProject
Project("{9A19103F-16F7-4668-BE54-9A1E7A4F7556}") = "WebApi.DAL", "WebApi.DAL\WebApi.DAL.csproj", "{263DA843-ED4A-4052-B8CE-1CD30B8CB516}"
EndProject
Project("{9A19103F-16F7-4668-BE54-9A1E7A4F7556}") = "WebApi.Domain", "WebApi.Domain\WebApi.Domain.csproj", "{8DD4E9F3-39D1-448D-83D4-020397765C4E}"
EndProject
Project("{FAE04EC0-301F-11D3-BF4B-00C04F79EFBC}") = "WebApi.Shared", "WebApi.Shared\WebApi.Shared.csproj", "{EC32F091-18FF-43F9-9C2E-5982E6AB341F}"
EndProject
Project("{FAE04EC0-301F-11D3-BF4B-00C04F79EFBC}") = "WebApi.BLL", "WebApi.BLL\WebApi.BLL.csproj", "{2FD4CDC2-C6B1-44D4-8639-5DEF0238B350}"
EndProject
Global
	GlobalSection(SolutionConfigurationPlatforms) = preSolution
		Debug|Any CPU = Debug|Any CPU
		Release|Any CPU = Release|Any CPU
	EndGlobalSection
	GlobalSection(ProjectConfigurationPlatforms) = postSolution
		{E26CE979-4FDA-44D0-B040-C6760D8A049A}.Debug|Any CPU.ActiveCfg = Debug|Any CPU
		{E26CE979-4FDA-44D0-B040-C6760D8A049A}.Debug|Any CPU.Build.0 = Debug|Any CPU
		{E26CE979-4FDA-44D0-B040-C6760D8A049A}.Release|Any CPU.ActiveCfg = Release|Any CPU
		{E26CE979-4FDA-44D0-B040-C6760D8A049A}.Release|Any CPU.Build.0 = Release|Any CPU
		{263DA843-ED4A-4052-B8CE-1CD30B8CB516}.Debug|Any CPU.ActiveCfg = Debug|Any CPU
		{263DA843-ED4A-4052-B8CE-1CD30B8CB516}.Debug|Any CPU.Build.0 = Debug|Any CPU
		{263DA843-ED4A-4052-B8CE-1CD30B8CB516}.Release|Any CPU.ActiveCfg = Release|Any CPU
		{263DA843-ED4A-4052-B8CE-1CD30B8CB516}.Release|Any CPU.Build.0 = Release|Any CPU
		{8DD4E9F3-39D1-448D-83D4-020397765C4E}.Debug|Any CPU.ActiveCfg = Debug|Any CPU
		{8DD4E9F3-39D1-448D-83D4-020397765C4E}.Debug|Any CPU.Build.0 = Debug|Any CPU
		{8DD4E9F3-39D1-448D-83D4-020397765C4E}.Release|Any CPU.ActiveCfg = Release|Any CPU
		{8DD4E9F3-39D1-448D-83D4-020397765C4E}.Release|Any CPU.Build.0 = Release|Any CPU
		{EC32F091-18FF-43F9-9C2E-5982E6AB341F}.Debug|Any CPU.ActiveCfg = Debug|Any CPU
		{EC32F091-18FF-43F9-9C2E-5982E6AB341F}.Debug|Any CPU.Build.0 = Debug|Any CPU
		{EC32F091-18FF-43F9-9C2E-5982E6AB341F}.Release|Any CPU.ActiveCfg = Release|Any CPU
		{EC32F091-18FF-43F9-9C2E-5982E6AB341F}.Release|Any CPU.Build.0 = Release|Any CPU
		{2FD4CDC2-C6B1-44D4-8639-5DEF0238B350}.Debug|Any CPU.ActiveCfg = Debug|Any CPU
		{2FD4CDC2-C6B1-44D4-8639-5DEF0238B350}.Debug|Any CPU.Build.0 = Debug|Any CPU
		{2FD4CDC2-C6B1-44D4-8639-5DEF0238B350}.Release|Any CPU.ActiveCfg = Release|Any CPU
		{2FD4CDC2-C6B1-44D4-8639-5DEF0238B350}.Release|Any CPU.Build.0 = Release|Any CPU
	EndGlobalSection
	GlobalSection(SolutionProperties) = preSolution
		HideSolutionNode = FALSE
	EndGlobalSection
	GlobalSection(ExtensibilityGlobals) = postSolution
		SolutionGuid = {13B94982-9D30-4D57-851F-D81ECF0FF333}
	EndGlobalSection
EndGlobal
